
Microsoft Visual Studio Solution File, Format Version 12.00
# Visual Studio Version 17
VisualStudioVersion = 17.0.31903.59
MinimumVisualStudioVersion = 10.0.40219.1
Project("{FAE04EC0-301F-11D3-BF4B-00C04F79EFBC}") = "mod", "mod.csproj", "{5F49E3A6-15E4-40CE-B562-EAD33BCF43DA}"
EndProject
Global
	GlobalSection(SolutionConfigurationPlatforms) = preSolution
		Debug|Any CPU = Debug|Any CPU
		Release|Any CPU = Release|Any CPU
	EndGlobalSection
	GlobalSection(SolutionProperties) = preSolution
		HideSolutionNode = FALSE
	EndGlobalSection
	GlobalSection(ProjectConfigurationPlatforms) = postSolution
		{5F49E3A6-15E4-40CE-B562-EAD33BCF43DA}.Debug|Any CPU.ActiveCfg = Debug|Any CPU
		{5F49E3A6-15E4-40CE-B562-EAD33BCF43DA}.Debug|Any CPU.Build.0 = Debug|Any CPU
		{5F49E3A6-15E4-40CE-B562-EAD33BCF43DA}.Release|Any CPU.ActiveCfg = Release|Any CPU
		{5F49E3A6-15E4-40CE-B562-EAD33BCF43DA}.Release|Any CPU.Build.0 = Release|Any CPU
	EndGlobalSection
EndGlobal
