
Microsoft Visual Studio Solution File, Format Version 12.00
# Visual Studio Version 17
VisualStudioVersion = 17.0.31903.59
MinimumVisualStudioVersion = 10.0.40219.1
Project("{FAE04EC0-301F-11D3-BF4B-00C04F79EFBC}") = "ItemPolicy", "ItemPolicy.csproj", "{F96A9B6B-360E-485D-B26F-93CF27BCB8B2}"
EndProject
Global
	GlobalSection(SolutionConfigurationPlatforms) = preSolution
		Debug|Any CPU = Debug|Any CPU
		Release|Any CPU = Release|Any CPU
	EndGlobalSection
	GlobalSection(SolutionProperties) = preSolution
		HideSolutionNode = FALSE
	EndGlobalSection
	GlobalSection(ProjectConfigurationPlatforms) = postSolution
		{F96A9B6B-360E-485D-B26F-93CF27BCB8B2}.Debug|Any CPU.ActiveCfg = Debug|Any CPU
		{F96A9B6B-360E-485D-B26F-93CF27BCB8B2}.Debug|Any CPU.Build.0 = Debug|Any CPU
		{F96A9B6B-360E-485D-B26F-93CF27BCB8B2}.Release|Any CPU.ActiveCfg = Release|Any CPU
		{F96A9B6B-360E-485D-B26F-93CF27BCB8B2}.Release|Any CPU.Build.0 = Release|Any CPU
	EndGlobalSection
EndGlobal
