
Microsoft Visual Studio Solution File, Format Version 12.00
# Visual Studio Version 17
VisualStudioVersion = 17.0.31903.59
MinimumVisualStudioVersion = 10.0.40219.1
Project("{2150E333-8FDC-42A3-9474-1A3956D46DE8}") = "1.6", "1.6", "{C46B9911-142F-432E-9FA5-0E9133130DDB}"
EndProject
Project("{FAE04EC0-301F-11D3-BF4B-00C04F79EFBC}") = "mod", "1.6\Source\mod.csproj", "{AC8AC00D-1A56-424F-B09B-D5F0C52159E7}"
EndProject
Global
	GlobalSection(SolutionConfigurationPlatforms) = preSolution
		Debug|Any CPU = Debug|Any CPU
		Release|Any CPU = Release|Any CPU
	EndGlobalSection
	GlobalSection(SolutionProperties) = preSolution
		HideSolutionNode = FALSE
	EndGlobalSection
	GlobalSection(ProjectConfigurationPlatforms) = postSolution
		{AC8AC00D-1A56-424F-B09B-D5F0C52159E7}.Debug|Any CPU.ActiveCfg = Debug|Any CPU
		{AC8AC00D-1A56-424F-B09B-D5F0C52159E7}.Debug|Any CPU.Build.0 = Debug|Any CPU
		{AC8AC00D-1A56-424F-B09B-D5F0C52159E7}.Release|Any CPU.ActiveCfg = Release|Any CPU
		{AC8AC00D-1A56-424F-B09B-D5F0C52159E7}.Release|Any CPU.Build.0 = Release|Any CPU
	EndGlobalSection
	GlobalSection(NestedProjects) = preSolution
		{AC8AC00D-1A56-424F-B09B-D5F0C52159E7} = {C46B9911-142F-432E-9FA5-0E9133130DDB}
	EndGlobalSection
EndGlobal
