
Microsoft Visual Studio Solution File, Format Version 12.00
# Visual Studio Version 17
VisualStudioVersion = 17.0.31903.59
MinimumVisualStudioVersion = 10.0.40219.1
Project("{2150E333-8FDC-42A3-9474-1A3956D46DE8}") = "1.6", "1.6", "{1640E604-1C96-E1F8-7D03-C37B102D04BD}"
EndProject
Project("{2150E333-8FDC-42A3-9474-1A3956D46DE8}") = "Source", "Source", "{C24882D8-316D-68B7-6D84-A8431DED26BA}"
EndProject
Project("{FAE04EC0-301F-11D3-BF4B-00C04F79EFBC}") = "mod", "1.6\Source\mod.csproj", "{DA38A728-B03F-407D-B88E-DF41F93AA227}"
EndProject
Global
	GlobalSection(SolutionConfigurationPlatforms) = preSolution
		Debug|Any CPU = Debug|Any CPU
		Debug|x64 = Debug|x64
		Debug|x86 = Debug|x86
		Release|Any CPU = Release|Any CPU
		Release|x64 = Release|x64
		Release|x86 = Release|x86
	EndGlobalSection
	GlobalSection(ProjectConfigurationPlatforms) = postSolution
		{DA38A728-B03F-407D-B88E-DF41F93AA227}.Debug|Any CPU.ActiveCfg = Debug|Any CPU
		{DA38A728-B03F-407D-B88E-DF41F93AA227}.Debug|Any CPU.Build.0 = Debug|Any CPU
		{DA38A728-B03F-407D-B88E-DF41F93AA227}.Debug|x64.ActiveCfg = Debug|Any CPU
		{DA38A728-B03F-407D-B88E-DF41F93AA227}.Debug|x64.Build.0 = Debug|Any CPU
		{DA38A728-B03F-407D-B88E-DF41F93AA227}.Debug|x86.ActiveCfg = Debug|Any CPU
		{DA38A728-B03F-407D-B88E-DF41F93AA227}.Debug|x86.Build.0 = Debug|Any CPU
		{DA38A728-B03F-407D-B88E-DF41F93AA227}.Release|Any CPU.ActiveCfg = Release|Any CPU
		{DA38A728-B03F-407D-B88E-DF41F93AA227}.Release|Any CPU.Build.0 = Release|Any CPU
		{DA38A728-B03F-407D-B88E-DF41F93AA227}.Release|x64.ActiveCfg = Release|Any CPU
		{DA38A728-B03F-407D-B88E-DF41F93AA227}.Release|x64.Build.0 = Release|Any CPU
		{DA38A728-B03F-407D-B88E-DF41F93AA227}.Release|x86.ActiveCfg = Release|Any CPU
		{DA38A728-B03F-407D-B88E-DF41F93AA227}.Release|x86.Build.0 = Release|Any CPU
	EndGlobalSection
	GlobalSection(SolutionProperties) = preSolution
		HideSolutionNode = FALSE
	EndGlobalSection
	GlobalSection(NestedProjects) = preSolution
		{C24882D8-316D-68B7-6D84-A8431DED26BA} = {1640E604-1C96-E1F8-7D03-C37B102D04BD}
		{DA38A728-B03F-407D-B88E-DF41F93AA227} = {C24882D8-316D-68B7-6D84-A8431DED26BA}
	EndGlobalSection
EndGlobal
